
Microsoft Visual Studio Solution File, Format Version 12.00
# Visual Studio Version 17
VisualStudioVersion = 17.0.31903.59
MinimumVisualStudioVersion = 10.0.40219.1
Project("{2150E333-8FDC-42A3-9474-1A3956D46DE8}") = "src", "src", "{A469A041-DB65-4000-AA5B-6B547F80F8C9}"
EndProject
Project("{2150E333-8FDC-42A3-9474-1A3956D46DE8}") = "dotnet", "dotnet", "{9DD4AA60-9A8B-454F-9830-90F34D235506}"
EndProject
Project("{2150E333-8FDC-42A3-9474-1A3956D46DE8}") = "GitHubCrowler", "GitHubCrowler", "{C599AC94-F593-45D5-80F9-3B0A206843BA}"
EndProject
Project("{FAE04EC0-301F-11D3-BF4B-00C04F79EFBC}") = "GithubCrowler.UnitTests", "src\dotnet\GitHubCrowler\GithubCrowler.UnitTests\GithubCrowler.UnitTests.csproj", "{AF214158-6C4E-4A8B-AF9F-991AE8330279}"
EndProject
Global
	GlobalSection(SolutionConfigurationPlatforms) = preSolution
		Debug|Any CPU = Debug|Any CPU
		Release|Any CPU = Release|Any CPU
	EndGlobalSection
	GlobalSection(SolutionProperties) = preSolution
		HideSolutionNode = FALSE
	EndGlobalSection
	GlobalSection(ProjectConfigurationPlatforms) = postSolution
		{AF214158-6C4E-4A8B-AF9F-991AE8330279}.Debug|Any CPU.ActiveCfg = Debug|Any CPU
		{AF214158-6C4E-4A8B-AF9F-991AE8330279}.Debug|Any CPU.Build.0 = Debug|Any CPU
		{AF214158-6C4E-4A8B-AF9F-991AE8330279}.Release|Any CPU.ActiveCfg = Release|Any CPU
		{AF214158-6C4E-4A8B-AF9F-991AE8330279}.Release|Any CPU.Build.0 = Release|Any CPU
	EndGlobalSection
	GlobalSection(NestedProjects) = preSolution
		{9DD4AA60-9A8B-454F-9830-90F34D235506} = {A469A041-DB65-4000-AA5B-6B547F80F8C9}
		{C599AC94-F593-45D5-80F9-3B0A206843BA} = {9DD4AA60-9A8B-454F-9830-90F34D235506}
		{AF214158-6C4E-4A8B-AF9F-991AE8330279} = {C599AC94-F593-45D5-80F9-3B0A206843BA}
	EndGlobalSection
EndGlobal
